{
  "requires": true,
  "lockfileVersion": 1,
  "dependencies": {
    "@angular/devkit-repo": {
      "version": "file:angular-cli",
      "requires": {
        "glob": "^7.0.3",
        "node-fetch": "^2.2.0",
        "quicktype-core": "^5.0.41",
        "temp": "^0.8.3",
        "tslint": "^5.11.0",
        "typescript": "~3.0.1"
      },
      "dependencies": {
        "@types/urijs": {
          "version": "1.0.1",
          "from": "github:quicktype/types-urijs",
          "bundled": true
        },
        "acorn": {
          "version": "5.7.3",
          "bundled": true
        },
        "ansi-regex": {
          "version": "2.1.1",
          "bundled": true
        },
        "ansi-styles": {
          "version": "2.2.1",
          "bundled": true
        },
        "argparse": {
          "version": "1.0.10",
          "bundled": true,
          "requires": {
            "sprintf-js": "~1.0.2"
          }
        },
        "babel-code-frame": {
          "version": "6.26.0",
          "bundled": true,
          "requires": {
            "chalk": "^1.1.3",
            "esutils": "^2.0.2",
            "js-tokens": "^3.0.2"
          },
          "dependencies": {
            "chalk": {
              "version": "1.1.3",
              "bundled": true,
              "requires": {
                "ansi-styles": "^2.2.1",
                "escape-string-regexp": "^1.0.2",
                "has-ansi": "^2.0.0",
                "strip-ansi": "^3.0.0",
                "supports-color": "^2.0.0"
              }
            }
          }
        },
        "balanced-match": {
          "version": "1.0.0",
          "bundled": true
        },
        "brace-expansion": {
          "version": "1.1.11",
          "bundled": true,
          "requires": {
            "balanced-match": "^1.0.0",
            "concat-map": "0.0.1"
          }
        },
        "brfs": {
          "version": "1.6.1",
          "bundled": true,
          "requires": {
            "quote-stream": "^1.0.1",
            "resolve": "^1.1.5",
            "static-module": "^2.2.0",
            "through2": "^2.0.0"
          }
        },
        "buffer-equal": {
          "version": "0.0.1",
          "bundled": true
        },
        "buffer-from": {
          "version": "1.1.1",
          "bundled": true
        },
        "builtin-modules": {
          "version": "1.1.1",
          "bundled": true
        },
        "chalk": {
          "version": "2.4.1",
          "bundled": true,
          "requires": {
            "ansi-styles": "^3.2.1",
            "escape-string-regexp": "^1.0.5",
            "supports-color": "^5.3.0"
          },
          "dependencies": {
            "ansi-styles": {
              "version": "3.2.1",
              "bundled": true,
              "requires": {
                "color-convert": "^1.9.0"
              }
            },
            "supports-color": {
              "version": "5.5.0",
              "bundled": true,
              "requires": {
                "has-flag": "^3.0.0"
              }
            }
          }
        },
        "collection-utils": {
          "version": "1.0.1",
          "bundled": true
        },
        "color-convert": {
          "version": "1.9.3",
          "bundled": true,
          "requires": {
            "color-name": "1.1.3"
          }
        },
        "color-name": {
          "version": "1.1.3",
          "bundled": true
        },
        "commander": {
          "version": "2.18.0",
          "bundled": true
        },
        "concat-map": {
          "version": "0.0.1",
          "bundled": true
        },
        "concat-stream": {
          "version": "1.6.2",
          "bundled": true,
          "requires": {
            "buffer-from": "^1.0.0",
            "inherits": "^2.0.3",
            "readable-stream": "^2.2.2",
            "typedarray": "^0.0.6"
          }
        },
        "convert-source-map": {
          "version": "1.6.0",
          "bundled": true,
          "requires": {
            "safe-buffer": "~5.1.1"
          }
        },
        "core-util-is": {
          "version": "1.0.2",
          "bundled": true
        },
        "deep-is": {
          "version": "0.1.3",
          "bundled": true
        },
        "diff": {
          "version": "3.5.0",
          "bundled": true
        },
        "duplexer2": {
          "version": "0.1.4",
          "bundled": true,
          "requires": {
            "readable-stream": "^2.0.2"
          }
        },
        "escape-string-regexp": {
          "version": "1.0.5",
          "bundled": true
        },
        "escodegen": {
          "version": "1.9.1",
          "bundled": true,
          "requires": {
            "esprima": "^3.1.3",
            "estraverse": "^4.2.0",
            "esutils": "^2.0.2",
            "optionator": "^0.8.1",
            "source-map": "~0.6.1"
          }
        },
        "esprima": {
          "version": "3.1.3",
          "bundled": true
        },
        "estraverse": {
          "version": "4.2.0",
          "bundled": true
        },
        "esutils": {
          "version": "2.0.2",
          "bundled": true
        },
        "falafel": {
          "version": "2.1.0",
          "bundled": true,
          "requires": {
            "acorn": "^5.0.0",
            "foreach": "^2.0.5",
            "isarray": "0.0.1",
            "object-keys": "^1.0.6"
          },
          "dependencies": {
            "isarray": {
              "version": "0.0.1",
              "bundled": true
            }
          }
        },
        "fast-levenshtein": {
          "version": "2.0.6",
          "bundled": true
        },
        "foreach": {
          "version": "2.0.5",
          "bundled": true
        },
        "fs.realpath": {
          "version": "1.0.0",
          "bundled": true
        },
        "function-bind": {
          "version": "1.1.1",
          "bundled": true
        },
        "glob": {
          "version": "7.1.3",
          "bundled": true,
          "requires": {
            "fs.realpath": "^1.0.0",
            "inflight": "^1.0.4",
            "inherits": "2",
            "minimatch": "^3.0.4",
            "once": "^1.3.0",
            "path-is-absolute": "^1.0.0"
          }
        },
        "has": {
          "version": "1.0.3",
          "bundled": true,
          "requires": {
            "function-bind": "^1.1.1"
          }
        },
        "has-ansi": {
          "version": "2.0.0",
          "bundled": true,
          "requires": {
            "ansi-regex": "^2.0.0"
          }
        },
        "has-flag": {
          "version": "3.0.0",
          "bundled": true
        },
        "inflight": {
          "version": "1.0.6",
          "bundled": true,
          "requires": {
            "once": "^1.3.0",
            "wrappy": "1"
          }
        },
        "inherits": {
          "version": "2.0.3",
          "bundled": true
        },
        "isarray": {
          "version": "1.0.0",
          "bundled": true
        },
        "js-base64": {
          "version": "2.4.9",
          "bundled": true
        },
        "js-tokens": {
          "version": "3.0.2",
          "bundled": true
        },
        "js-yaml": {
          "version": "3.12.0",
          "bundled": true,
          "requires": {
            "argparse": "^1.0.7",
            "esprima": "^4.0.0"
          },
          "dependencies": {
            "esprima": {
              "version": "4.0.1",
              "bundled": true
            }
          }
        },
        "levn": {
          "version": "0.3.0",
          "bundled": true,
          "requires": {
            "prelude-ls": "~1.1.2",
            "type-check": "~0.3.2"
          }
        },
        "magic-string": {
          "version": "0.22.5",
          "bundled": true,
          "requires": {
            "vlq": "^0.2.2"
          }
        },
        "merge-source-map": {
          "version": "1.0.4",
          "bundled": true,
          "requires": {
            "source-map": "^0.5.6"
          },
          "dependencies": {
            "source-map": {
              "version": "0.5.7",
              "bundled": true
            }
          }
        },
        "minimatch": {
          "version": "3.0.4",
          "bundled": true,
          "requires": {
            "brace-expansion": "^1.1.7"
          }
        },
        "minimist": {
          "version": "1.2.0",
          "bundled": true
        },
        "node-fetch": {
          "version": "2.2.0",
          "bundled": true
        },
        "object-inspect": {
          "version": "1.4.1",
          "bundled": true
        },
        "object-keys": {
          "version": "1.0.12",
          "bundled": true
        },
        "once": {
          "version": "1.4.0",
          "bundled": true,
          "requires": {
            "wrappy": "1"
          }
        },
        "optionator": {
          "version": "0.8.2",
          "bundled": true,
          "requires": {
            "deep-is": "~0.1.3",
            "fast-levenshtein": "~2.0.4",
            "levn": "~0.3.0",
            "prelude-ls": "~1.1.2",
            "type-check": "~0.3.2",
            "wordwrap": "~1.0.0"
          }
        },
        "os-tmpdir": {
          "version": "1.0.2",
          "bundled": true
        },
        "pako": {
          "version": "1.0.6",
          "bundled": true
        },
        "parser-toolkit": {
          "version": "0.0.5",
          "bundled": true
        },
        "path-is-absolute": {
          "version": "1.0.1",
          "bundled": true
        },
        "path-parse": {
          "version": "1.0.6",
          "bundled": true
        },
        "pluralize": {
          "version": "7.0.0",
          "bundled": true
        },
        "prelude-ls": {
          "version": "1.1.2",
          "bundled": true
        },
        "process-nextick-args": {
          "version": "2.0.0",
          "bundled": true
        },
        "quicktype-core": {
          "version": "5.0.47",
          "bundled": true,
          "requires": {
            "@types/urijs": "github:quicktype/types-urijs",
            "collection-utils": "^1.0.1",
            "js-base64": "^2.4.3",
            "pako": "^1.0.6",
            "pluralize": "^7.0.0",
            "stream-json": "0.5.2",
            "string-to-stream": "^1.1.0",
            "unicode-properties": "github:quicktype/unicode-properties#dist",
            "urijs": "^1.19.1",
            "wordwrap": "^1.0.0"
          }
        },
        "quote-stream": {
          "version": "1.0.2",
          "bundled": true,
          "requires": {
            "buffer-equal": "0.0.1",
            "minimist": "^1.1.3",
            "through2": "^2.0.0"
          }
        },
        "readable-stream": {
          "version": "2.3.6",
          "bundled": true,
          "requires": {
            "core-util-is": "~1.0.0",
            "inherits": "~2.0.3",
            "isarray": "~1.0.0",
            "process-nextick-args": "~2.0.0",
            "safe-buffer": "~5.1.1",
            "string_decoder": "~1.1.1",
            "util-deprecate": "~1.0.1"
          }
        },
        "resolve": {
          "version": "1.8.1",
          "bundled": true,
          "requires": {
            "path-parse": "^1.0.5"
          }
        },
        "rimraf": {
          "version": "2.2.8",
          "bundled": true
        },
        "safe-buffer": {
          "version": "5.1.2",
          "bundled": true
        },
        "semver": {
          "version": "5.5.1",
          "bundled": true
        },
        "shallow-copy": {
          "version": "0.0.1",
          "bundled": true
        },
        "source-map": {
          "version": "0.6.1",
          "bundled": true,
          "optional": true
        },
        "sprintf-js": {
          "version": "1.0.3",
          "bundled": true
        },
        "static-eval": {
          "version": "2.0.0",
          "bundled": true,
          "requires": {
            "escodegen": "^1.8.1"
          }
        },
        "static-module": {
          "version": "2.2.5",
          "bundled": true,
          "requires": {
            "concat-stream": "~1.6.0",
            "convert-source-map": "^1.5.1",
            "duplexer2": "~0.1.4",
            "escodegen": "~1.9.0",
            "falafel": "^2.1.0",
            "has": "^1.0.1",
            "magic-string": "^0.22.4",
            "merge-source-map": "1.0.4",
            "object-inspect": "~1.4.0",
            "quote-stream": "~1.0.2",
            "readable-stream": "~2.3.3",
            "shallow-copy": "~0.0.1",
            "static-eval": "^2.0.0",
            "through2": "~2.0.3"
          }
        },
        "stream-json": {
          "version": "0.5.2",
          "bundled": true,
          "requires": {
            "parser-toolkit": ">=0.0.3"
          }
        },
        "string-to-stream": {
          "version": "1.1.1",
          "bundled": true,
          "requires": {
            "inherits": "^2.0.1",
            "readable-stream": "^2.1.0"
          }
        },
        "string_decoder": {
          "version": "1.1.1",
          "bundled": true,
          "requires": {
            "safe-buffer": "~5.1.0"
          }
        },
        "strip-ansi": {
          "version": "3.0.1",
          "bundled": true,
          "requires": {
            "ansi-regex": "^2.0.0"
          }
        },
        "supports-color": {
          "version": "2.0.0",
          "bundled": true
        },
        "temp": {
          "version": "0.8.3",
          "bundled": true,
          "requires": {
            "os-tmpdir": "^1.0.0",
            "rimraf": "~2.2.6"
          }
        },
        "through2": {
          "version": "2.0.3",
          "bundled": true,
          "requires": {
            "readable-stream": "^2.1.5",
            "xtend": "~4.0.1"
          }
        },
        "tiny-inflate": {
          "version": "1.0.2",
          "bundled": true
        },
        "tslib": {
          "version": "1.9.3",
          "bundled": true
        },
        "tslint": {
          "version": "5.11.0",
          "bundled": true,
          "requires": {
            "babel-code-frame": "^6.22.0",
            "builtin-modules": "^1.1.1",
            "chalk": "^2.3.0",
            "commander": "^2.12.1",
            "diff": "^3.2.0",
            "glob": "^7.1.1",
            "js-yaml": "^3.7.0",
            "minimatch": "^3.0.4",
            "resolve": "^1.3.2",
            "semver": "^5.3.0",
            "tslib": "^1.8.0",
            "tsutils": "^2.27.2"
          }
        },
        "tsutils": {
          "version": "2.29.0",
          "bundled": true,
          "requires": {
            "tslib": "^1.8.1"
          }
        },
        "type-check": {
          "version": "0.3.2",
          "bundled": true,
          "requires": {
            "prelude-ls": "~1.1.2"
          }
        },
        "typedarray": {
          "version": "0.0.6",
          "bundled": true
        },
        "typescript": {
          "version": "3.0.3",
          "bundled": true
        },
        "unicode-properties": {
          "version": "1.1.0",
          "from": "github:quicktype/unicode-properties#dist",
          "bundled": true,
          "requires": {
            "brfs": "^1.4.0",
            "unicode-trie": "^0.3.0"
          }
        },
        "unicode-trie": {
          "version": "0.3.1",
          "bundled": true,
          "requires": {
            "pako": "^0.2.5",
            "tiny-inflate": "^1.0.0"
          },
          "dependencies": {
            "pako": {
              "version": "0.2.9",
              "bundled": true
            }
          }
        },
        "urijs": {
          "version": "1.19.1",
          "bundled": true
        },
        "util-deprecate": {
          "version": "1.0.2",
          "bundled": true
        },
        "vlq": {
          "version": "0.2.3",
          "bundled": true
        },
        "wordwrap": {
          "version": "1.0.0",
          "bundled": true
        },
        "wrappy": {
          "version": "1.0.2",
          "bundled": true
        },
        "xtend": {
          "version": "4.0.1",
          "bundled": true
        }
      }
    }
  }
}
